
Microsoft Visual Studio Solution File, Format Version 12.00
# Visual Studio Version 17
VisualStudioVersion = 17.5.33627.172
MinimumVisualStudioVersion = 10.0.40219.1
Project("{FAE04EC0-301F-11D3-BF4B-00C04F79EFBC}") = "ReadingAndWritingTextFiles", "ReadingAndWritingTextFiles\ReadingAndWritingTextFiles.csproj", "{4813A543-2972-4323-8ECE-0139B0064F37}"
EndProject
Global
	GlobalSection(SolutionConfigurationPlatforms) = preSolution
		Debug|Any CPU = Debug|Any CPU
		Release|Any CPU = Release|Any CPU
	EndGlobalSection
	GlobalSection(ProjectConfigurationPlatforms) = postSolution
		{4813A543-2972-4323-8ECE-0139B0064F37}.Debug|Any CPU.ActiveCfg = Debug|Any CPU
		{4813A543-2972-4323-8ECE-0139B0064F37}.Debug|Any CPU.Build.0 = Debug|Any CPU
		{4813A543-2972-4323-8ECE-0139B0064F37}.Release|Any CPU.ActiveCfg = Release|Any CPU
		{4813A543-2972-4323-8ECE-0139B0064F37}.Release|Any CPU.Build.0 = Release|Any CPU
	EndGlobalSection
	GlobalSection(SolutionProperties) = preSolution
		HideSolutionNode = FALSE
	EndGlobalSection
	GlobalSection(ExtensibilityGlobals) = postSolution
		SolutionGuid = {16C1BF27-80D4-42DD-B7BF-A862FF0779BD}
	EndGlobalSection
EndGlobal
